<?xml version="1.0" encoding="utf-8"?>
<Project ToolsVersion="4.0" xmlns="http://schemas.microsoft.com/developer/msbuild/2003">
  <ItemGroup>
    <Filter Include="Source Files">
      <UniqueIdentifier>{336cfe2d-991e-40b2-b6ab-1974eb8bdf88}</UniqueIdentifier>
      <Extensions>cpp;c;cxx;def;odl;idl;hpj;bat;asm</Extensions>
    </Filter>
    <Filter Include="Header Files">
      <UniqueIdentifier>{16c399c9-bd24-4e76-8f45-74a2d494af2c}</UniqueIdentifier>
      <Extensions>h;hpp;hxx;hm;inl;inc</Extensions>
    </Filter>
    <Filter Include="Resource Files">
      <UniqueIdentifier>{88aac90d-0d71-40bc-8c7a-db0564762e1d}</UniqueIdentifier>
      <Extensions>rc;ico;cur;bmp;dlg;rc2;rct;bin;rgs;gif;jpg;jpeg;jpe</Extensions>
    </Filter>
    <Filter Include="Shader">
      <UniqueIdentifier>{5ed3e2f0-b69e-4597-89c3-647e06d61dfc}</UniqueIdentifier>
    </Filter>
    <Filter Include="Shader\Smoke">
      <UniqueIdentifier>{8a3da412-2d1a-4fc6-9a7d-ab90c8527227}</UniqueIdentifier>
    </Filter>
    <Filter Include="Shader\Shadow">
      <UniqueIdentifier>{a1143835-7ef7-404f-b76c-57cacb898912}</UniqueIdentifier>
    </Filter>
  </ItemGroup>
  <ItemGroup>
    <ClCompile Include="animatoruiwindows.cxx">
      <Filter>Source Files</Filter>
    </ClCompile>
    <ClCompile Include="bitmap.cpp">
      <Filter>Source Files</Filter>
    </ClCompile>
    <ClCompile Include="camera.cpp">
      <Filter>Source Files</Filter>
    </ClCompile>
    <ClCompile Include="color.cpp">
      <Filter>Source Files</Filter>
    </ClCompile>
    <ClCompile Include="curve.cpp">
      <Filter>Source Files</Filter>
    </ClCompile>
    <ClCompile Include="curveevaluator.cpp">
      <Filter>Source Files</Filter>
    </ClCompile>
    <ClCompile Include="graphwidget.cpp">
      <Filter>Source Files</Filter>
    </ClCompile>
    <ClCompile Include="indicatorwindow.cpp">
      <Filter>Source Files</Filter>
    </ClCompile>
    <ClCompile Include="linearcurveevaluator.cpp">
      <Filter>Source Files</Filter>
    </ClCompile>
    <ClCompile Include="modelerapp.cpp">
      <Filter>Source Files</Filter>
    </ClCompile>
    <ClCompile Include="modelerdraw.cpp">
      <Filter>Source Files</Filter>
    </ClCompile>
    <ClCompile Include="modelerui.cpp">
      <Filter>Source Files</Filter>
    </ClCompile>
    <ClCompile Include="modelerview.cpp">
      <Filter>Source Files</Filter>
    </ClCompile>
    <ClCompile Include="particleSystem.cpp">
      <Filter>Source Files</Filter>
    </ClCompile>
    <ClCompile Include="point.cpp">
      <Filter>Source Files</Filter>
    </ClCompile>
    <ClCompile Include="rect.cpp">
      <Filter>Source Files</Filter>
    </ClCompile>
    <ClCompile Include="robotarm.cpp">
      <Filter>Source Files</Filter>
    </ClCompile>
    <ClCompile Include="rulerwindow.cpp">
      <Filter>Source Files</Filter>
    </ClCompile>
    <ClCompile Include="bsplinecurveevaluator.cpp">
      <Filter>Source Files</Filter>
    </ClCompile>
    <ClCompile Include="beziercurveevaluator.cpp">
      <Filter>Source Files</Filter>
    </ClCompile>
    <ClCompile Include="batman.cpp">
      <Filter>Source Files</Filter>
    </ClCompile>
    <ClCompile Include="ObjectFileLoader.cpp">
      <Filter>Source Files</Filter>
    </ClCompile>
    <ClCompile Include="catmulromevaluator.cpp">
      <Filter>Source Files</Filter>
    </ClCompile>
    <ClCompile Include="c1beziercurveevaluator.cpp">
      <Filter>Source Files</Filter>
    </ClCompile>
    <ClCompile Include="c2interpevaluator.cpp">
      <Filter>Source Files</Filter>
    </ClCompile>
    <ClCompile Include="Particle.cpp">
      <Filter>Source Files</Filter>
    </ClCompile>
    <ClCompile Include="Shader_Helper.cpp">
      <Filter>Source Files</Filter>
    </ClCompile>
    <ClCompile Include="Scene 1.cpp">
      <Filter>Source Files</Filter>
    </ClCompile>
    <ClCompile Include="Scene 3.cpp">
      <Filter>Source Files</Filter>
    </ClCompile>
    <ClCompile Include="Scene 4.cpp">
      <Filter>Source Files</Filter>
    </ClCompile>
    <ClCompile Include="Scene 5.cpp">
      <Filter>Source Files</Filter>
    </ClCompile>
    <ClCompile Include="Scene 6.cpp">
      <Filter>Source Files</Filter>
    </ClCompile>
  </ItemGroup>
  <ItemGroup>
    <ClInclude Include="animatoruiwindows.h">
      <Filter>Header Files</Filter>
    </ClInclude>
    <ClInclude Include="bitmap.h">
      <Filter>Header Files</Filter>
    </ClInclude>
    <ClInclude Include="camera.h">
      <Filter>Header Files</Filter>
    </ClInclude>
    <ClInclude Include="color.h">
      <Filter>Header Files</Filter>
    </ClInclude>
    <ClInclude Include="curve.h">
      <Filter>Header Files</Filter>
    </ClInclude>
    <ClInclude Include="curveevaluator.h">
      <Filter>Header Files</Filter>
    </ClInclude>
    <ClInclude Include="graphwidget.h">
      <Filter>Header Files</Filter>
    </ClInclude>
    <ClInclude Include="indicatorwindow.h">
      <Filter>Header Files</Filter>
    </ClInclude>
    <ClInclude Include="linearcurveevaluator.h">
      <Filter>Header Files</Filter>
    </ClInclude>
    <ClInclude Include="mat.h">
      <Filter>Header Files</Filter>
    </ClInclude>
    <ClInclude Include="modelerapp.h">
      <Filter>Header Files</Filter>
    </ClInclude>
    <ClInclude Include="modelerdraw.h">
      <Filter>Header Files</Filter>
    </ClInclude>
    <ClInclude Include="modelerui.h">
      <Filter>Header Files</Filter>
    </ClInclude>
    <ClInclude Include="modelerview.h">
      <Filter>Header Files</Filter>
    </ClInclude>
    <ClInclude Include="particleSystem.h">
      <Filter>Header Files</Filter>
    </ClInclude>
    <ClInclude Include="point.h">
      <Filter>Header Files</Filter>
    </ClInclude>
    <ClInclude Include="rect.h">
      <Filter>Header Files</Filter>
    </ClInclude>
    <ClInclude Include="rulerwindow.h">
      <Filter>Header Files</Filter>
    </ClInclude>
    <ClInclude Include="vec.h">
      <Filter>Header Files</Filter>
    </ClInclude>
    <ClInclude Include="bsplinecurveevaluator.h">
      <Filter>Header Files</Filter>
    </ClInclude>
    <ClInclude Include="beziercurveevaluator.h">
      <Filter>Header Files</Filter>
    </ClInclude>
    <ClInclude Include="Particle.h">
      <Filter>Header Files</Filter>
    </ClInclude>
    <ClInclude Include="Force.h">
      <Filter>Header Files</Filter>
    </ClInclude>
    <ClInclude Include="batman.h">
      <Filter>Header Files</Filter>
    </ClInclude>
    <ClInclude Include="robotarm.h">
      <Filter>Header Files</Filter>
    </ClInclude>
    <ClInclude Include="ObjectFileLoader.h">
      <Filter>Header Files</Filter>
    </ClInclude>
    <ClInclude Include="Helper.h">
      <Filter>Header Files</Filter>
    </ClInclude>
    <ClInclude Include="catmulromevaluator.h">
      <Filter>Header Files</Filter>
    </ClInclude>
    <ClInclude Include="c1beziercurveevaluator.h">
      <Filter>Header Files</Filter>
    </ClInclude>
    <ClInclude Include="c2interpevaluator.h">
      <Filter>Header Files</Filter>
    </ClInclude>
    <ClInclude Include="Shader_Helper.h">
      <Filter>Header Files</Filter>
    </ClInclude>
    <ClInclude Include="Scene 1.h">
      <Filter>Header Files</Filter>
    </ClInclude>
    <ClInclude Include="Scene 3.h">
      <Filter>Header Files</Filter>
    </ClInclude>
    <ClInclude Include="Scene 4.h">
      <Filter>Header Files</Filter>
    </ClInclude>
    <ClInclude Include="Scene 5.h">
      <Filter>Header Files</Filter>
    </ClInclude>
    <ClInclude Include="Scene 6.h">
      <Filter>Header Files</Filter>
    </ClInclude>
  </ItemGroup>
  <ItemGroup>
    <None Include="Smoke.fs">
      <Filter>Shader\Smoke</Filter>
    </None>
    <None Include="Smoke.vs">
      <Filter>Shader\Smoke</Filter>
    </None>
    <None Include="Shadow.fs">
      <Filter>Shader\Shadow</Filter>
    </None>
    <None Include="Shadow.vs">
      <Filter>Shader\Shadow</Filter>
    </None>
  </ItemGroup>
</Project>